// !$*UTF8*$!
{
	archiveVersion = 1;
	classes = {
	};
	objectVersion = 46;
	objects = {

/* Begin PBXBuildFile section */
		36D7CE7BF9929D841D98EBC3 /* Pods_ThumbList.framework in Frameworks */ = {isa = PBXBuildFile; fileRef = 1D5672D7A623D8694913CC98 /* Pods_ThumbList.framework */; };
		F85F95981E5CEE86007E1A9C /* AppDelegate.swift in Sources */ = {isa = PBXBuildFile; fileRef = F85F95971E5CEE86007E1A9C /* AppDelegate.swift */; };
		F85F959A1E5CEE86007E1A9C /* MainVC.swift in Sources */ = {isa = PBXBuildFile; fileRef = F85F95991E5CEE86007E1A9C /* MainVC.swift */; };
		F85F959D1E5CEE86007E1A9C /* Main.storyboard in Resources */ = {isa = PBXBuildFile; fileRef = F85F959B1E5CEE86007E1A9C /* Main.storyboard */; };
		F85F95A01E5CEE86007E1A9C /* DreamList.xcdatamodeld in Sources */ = {isa = PBXBuildFile; fileRef = F85F959E1E5CEE86007E1A9C /* DreamList.xcdatamodeld */; };
		F85F95A21E5CEE86007E1A9C /* Assets.xcassets in Resources */ = {isa = PBXBuildFile; fileRef = F85F95A11E5CEE86007E1A9C /* Assets.xcassets */; };
		F85F95A51E5CEE86007E1A9C /* LaunchScreen.storyboard in Resources */ = {isa = PBXBuildFile; fileRef = F85F95A31E5CEE86007E1A9C /* LaunchScreen.storyboard */; };
		F85F95EA1E5CF4D6007E1A9C /* Item+CoreDataClass.swift in Sources */ = {isa = PBXBuildFile; fileRef = F85F95E21E5CF4D6007E1A9C /* Item+CoreDataClass.swift */; };
		F85F95EB1E5CF4D6007E1A9C /* Item+CoreDataProperties.swift in Sources */ = {isa = PBXBuildFile; fileRef = F85F95E31E5CF4D6007E1A9C /* Item+CoreDataProperties.swift */; };
		F85F95EC1E5CF4D6007E1A9C /* Image+CoreDataClass.swift in Sources */ = {isa = PBXBuildFile; fileRef = F85F95E41E5CF4D6007E1A9C /* Image+CoreDataClass.swift */; };
		F85F95ED1E5CF4D6007E1A9C /* Image+CoreDataProperties.swift in Sources */ = {isa = PBXBuildFile; fileRef = F85F95E51E5CF4D6007E1A9C /* Image+CoreDataProperties.swift */; };
		F85F95F41E5D0C6C007E1A9C /* MaterialView.swift in Sources */ = {isa = PBXBuildFile; fileRef = F85F95F31E5D0C6C007E1A9C /* MaterialView.swift */; };
		F85F95F61E5D139B007E1A9C /* ItemCell.swift in Sources */ = {isa = PBXBuildFile; fileRef = F85F95F51E5D139B007E1A9C /* ItemCell.swift */; };
		F85F95FB1E5D64BC007E1A9C /* ItemDetailsVC.swift in Sources */ = {isa = PBXBuildFile; fileRef = F85F95FA1E5D64BC007E1A9C /* ItemDetailsVC.swift */; };
		F873375E1E5E5F0500F61CC5 /* ViewController.swift in Sources */ = {isa = PBXBuildFile; fileRef = F873375D1E5E5F0500F61CC5 /* ViewController.swift */; };
/* End PBXBuildFile section */

/* Begin PBXFileReference section */
		1D5672D7A623D8694913CC98 /* Pods_ThumbList.framework */ = {isa = PBXFileReference; explicitFileType = wrapper.framework; includeInIndex = 0; path = Pods_ThumbList.framework; sourceTree = BUILT_PRODUCTS_DIR; };
		2C24D2DAC46D29E168C00E10 /* Pods-ThumbList.debug.xcconfig */ = {isa = PBXFileReference; includeInIndex = 1; lastKnownFileType = text.xcconfig; name = "Pods-ThumbList.debug.xcconfig"; path = "Pods/Target Support Files/Pods-ThumbList/Pods-ThumbList.debug.xcconfig"; sourceTree = "<group>"; };
		F796B5A32F943A496BC7EE73 /* Pods-ThumbList.release.xcconfig */ = {isa = PBXFileReference; includeInIndex = 1; lastKnownFileType = text.xcconfig; name = "Pods-ThumbList.release.xcconfig"; path = "Pods/Target Support Files/Pods-ThumbList/Pods-ThumbList.release.xcconfig"; sourceTree = "<group>"; };
		F85F95941E5CEE86007E1A9C /* ThumbList.app */ = {isa = PBXFileReference; explicitFileType = wrapper.application; includeInIndex = 0; path = ThumbList.app; sourceTree = BUILT_PRODUCTS_DIR; };
		F85F95971E5CEE86007E1A9C /* AppDelegate.swift */ = {isa = PBXFileReference; lastKnownFileType = sourcecode.swift; path = AppDelegate.swift; sourceTree = "<group>"; };
		F85F95991E5CEE86007E1A9C /* MainVC.swift */ = {isa = PBXFileReference; lastKnownFileType = sourcecode.swift; path = MainVC.swift; sourceTree = "<group>"; };
		F85F959C1E5CEE86007E1A9C /* Base */ = {isa = PBXFileReference; lastKnownFileType = file.storyboard; name = Base; path = Base.lproj/Main.storyboard; sourceTree = "<group>"; };
		F85F959F1E5CEE86007E1A9C /* DreamList.xcdatamodel */ = {isa = PBXFileReference; lastKnownFileType = wrapper.xcdatamodel; path = DreamList.xcdatamodel; sourceTree = "<group>"; };
		F85F95A11E5CEE86007E1A9C /* Assets.xcassets */ = {isa = PBXFileReference; lastKnownFileType = folder.assetcatalog; path = Assets.xcassets; sourceTree = "<group>"; };
		F85F95A41E5CEE86007E1A9C /* Base */ = {isa = PBXFileReference; lastKnownFileType = file.storyboard; name = Base; path = Base.lproj/LaunchScreen.storyboard; sourceTree = "<group>"; };
		F85F95A61E5CEE86007E1A9C /* Info.plist */ = {isa = PBXFileReference; lastKnownFileType = text.plist.xml; path = Info.plist; sourceTree = "<group>"; };
		F85F95E21E5CF4D6007E1A9C /* Item+CoreDataClass.swift */ = {isa = PBXFileReference; fileEncoding = 4; lastKnownFileType = sourcecode.swift; path = "Item+CoreDataClass.swift"; sourceTree = "<group>"; };
		F85F95E31E5CF4D6007E1A9C /* Item+CoreDataProperties.swift */ = {isa = PBXFileReference; fileEncoding = 4; lastKnownFileType = sourcecode.swift; path = "Item+CoreDataProperties.swift"; sourceTree = "<group>"; };
		F85F95E41E5CF4D6007E1A9C /* Image+CoreDataClass.swift */ = {isa = PBXFileReference; fileEncoding = 4; lastKnownFileType = sourcecode.swift; path = "Image+CoreDataClass.swift"; sourceTree = "<group>"; };
		F85F95E51E5CF4D6007E1A9C /* Image+CoreDataProperties.swift */ = {isa = PBXFileReference; fileEncoding = 4; lastKnownFileType = sourcecode.swift; path = "Image+CoreDataProperties.swift"; sourceTree = "<group>"; };
		F85F95F31E5D0C6C007E1A9C /* MaterialView.swift */ = {isa = PBXFileReference; fileEncoding = 4; lastKnownFileType = sourcecode.swift; path = MaterialView.swift; sourceTree = "<group>"; };
		F85F95F51E5D139B007E1A9C /* ItemCell.swift */ = {isa = PBXFileReference; fileEncoding = 4; lastKnownFileType = sourcecode.swift; path = ItemCell.swift; sourceTree = "<group>"; };
		F85F95FA1E5D64BC007E1A9C /* ItemDetailsVC.swift */ = {isa = PBXFileReference; fileEncoding = 4; lastKnownFileType = sourcecode.swift; path = ItemDetailsVC.swift; sourceTree = "<group>"; };
		F873375D1E5E5F0500F61CC5 /* ViewController.swift */ = {isa = PBXFileReference; fileEncoding = 4; lastKnownFileType = sourcecode.swift; path = ViewController.swift; sourceTree = "<group>"; };
/* End PBXFileReference section */

/* Begin PBXFrameworksBuildPhase section */
		F85F95911E5CEE86007E1A9C /* Frameworks */ = {
			isa = PBXFrameworksBuildPhase;
			buildActionMask = 2147483647;
			files = (
				36D7CE7BF9929D841D98EBC3 /* Pods_ThumbList.framework in Frameworks */,
			);
			runOnlyForDeploymentPostprocessing = 0;
		};
/* End PBXFrameworksBuildPhase section */

/* Begin PBXGroup section */
		A0A7C37C67010B66FAD2AD0B /* Frameworks */ = {
			isa = PBXGroup;
			children = (
				1D5672D7A623D8694913CC98 /* Pods_ThumbList.framework */,
			);
			name = Frameworks;
			sourceTree = "<group>";
		};
		B90A8B13D7A21B99C33563DE /* Pods */ = {
			isa = PBXGroup;
			children = (
				2C24D2DAC46D29E168C00E10 /* Pods-ThumbList.debug.xcconfig */,
				F796B5A32F943A496BC7EE73 /* Pods-ThumbList.release.xcconfig */,
			);
			name = Pods;
			sourceTree = "<group>";
		};
		F85F958B1E5CEE86007E1A9C = {
			isa = PBXGroup;
			children = (
				F85F95961E5CEE86007E1A9C /* ThumbList */,
				F85F95951E5CEE86007E1A9C /* Products */,
				B90A8B13D7A21B99C33563DE /* Pods */,
				A0A7C37C67010B66FAD2AD0B /* Frameworks */,
			);
			sourceTree = "<group>";
		};
		F85F95951E5CEE86007E1A9C /* Products */ = {
			isa = PBXGroup;
			children = (
				F85F95941E5CEE86007E1A9C /* ThumbList.app */,
			);
			name = Products;
			sourceTree = "<group>";
		};
		F85F95961E5CEE86007E1A9C /* ThumbList */ = {
			isa = PBXGroup;
			children = (
				F85F95F71E5D4619007E1A9C /* Controller */,
				F85F95F21E5D0C3E007E1A9C /* View */,
				F85F95F01E5CF507007E1A9C /* Model */,
				F85F95971E5CEE86007E1A9C /* AppDelegate.swift */,
				F85F959B1E5CEE86007E1A9C /* Main.storyboard */,
				F85F95A11E5CEE86007E1A9C /* Assets.xcassets */,
				F85F95A31E5CEE86007E1A9C /* LaunchScreen.storyboard */,
				F85F95A61E5CEE86007E1A9C /* Info.plist */,
				F85F959E1E5CEE86007E1A9C /* DreamList.xcdatamodeld */,
			);
			name = ThumbList;
			path = DreamList;
			sourceTree = "<group>";
		};
		F85F95F01E5CF507007E1A9C /* Model */ = {
			isa = PBXGroup;
			children = (
				F85F95E21E5CF4D6007E1A9C /* Item+CoreDataClass.swift */,
				F85F95E41E5CF4D6007E1A9C /* Image+CoreDataClass.swift */,
				F85F95F11E5CF50F007E1A9C /* Generated */,
			);
			name = Model;
			sourceTree = "<group>";
		};
		F85F95F11E5CF50F007E1A9C /* Generated */ = {
			isa = PBXGroup;
			children = (
				F85F95E31E5CF4D6007E1A9C /* Item+CoreDataProperties.swift */,
				F85F95E51E5CF4D6007E1A9C /* Image+CoreDataProperties.swift */,
			);
			name = Generated;
			sourceTree = "<group>";
		};
		F85F95F21E5D0C3E007E1A9C /* View */ = {
			isa = PBXGroup;
			children = (
				F85F95F31E5D0C6C007E1A9C /* MaterialView.swift */,
				F85F95F51E5D139B007E1A9C /* ItemCell.swift */,
			);
			name = View;
			sourceTree = "<group>";
		};
		F85F95F71E5D4619007E1A9C /* Controller */ = {
			isa = PBXGroup;
			children = (
				F85F95991E5CEE86007E1A9C /* MainVC.swift */,
				F85F95FA1E5D64BC007E1A9C /* ItemDetailsVC.swift */,
				F873375D1E5E5F0500F61CC5 /* ViewController.swift */,
			);
			name = Controller;
			sourceTree = "<group>";
		};
/* End PBXGroup section */

/* Begin PBXNativeTarget section */
		F85F95931E5CEE86007E1A9C /* ThumbList */ = {
			isa = PBXNativeTarget;
			buildConfigurationList = F85F95A91E5CEE86007E1A9C /* Build configuration list for PBXNativeTarget "ThumbList" */;
			buildPhases = (
				3B239E52652D2FF16F9DB450 /* [CP] Check Pods Manifest.lock */,
				F85F95901E5CEE86007E1A9C /* Sources */,
				F85F95911E5CEE86007E1A9C /* Frameworks */,
				F85F95921E5CEE86007E1A9C /* Resources */,
				89B55692E914EB7107810CE1 /* [CP] Embed Pods Frameworks */,
				3AE0E2E50C0D1287204E5E07 /* [CP] Copy Pods Resources */,
			);
			buildRules = (
			);
			dependencies = (
			);
			name = ThumbList;
			productName = DreamList;
			productReference = F85F95941E5CEE86007E1A9C /* ThumbList.app */;
			productType = "com.apple.product-type.application";
		};
/* End PBXNativeTarget section */

/* Begin PBXProject section */
		F85F958C1E5CEE86007E1A9C /* Project object */ = {
			isa = PBXProject;
			attributes = {
				LastSwiftUpdateCheck = 0820;
				LastUpgradeCheck = 0820;
				ORGANIZATIONNAME = "Dardan Meha";
				TargetAttributes = {
					F85F95931E5CEE86007E1A9C = {
						CreatedOnToolsVersion = 8.2.1;
						DevelopmentTeam = Y6SG367258;
						ProvisioningStyle = Automatic;
					};
				};
			};
			buildConfigurationList = F85F958F1E5CEE86007E1A9C /* Build configuration list for PBXProject "ThumbList" */;
			compatibilityVersion = "Xcode 3.2";
			developmentRegion = English;
			hasScannedForEncodings = 0;
			knownRegions = (
				en,
				Base,
			);
			mainGroup = F85F958B1E5CEE86007E1A9C;
			productRefGroup = F85F95951E5CEE86007E1A9C /* Products */;
			projectDirPath = "";
			projectRoot = "";
			targets = (
				F85F95931E5CEE86007E1A9C /* ThumbList */,
			);
		};
/* End PBXProject section */

/* Begin PBXResourcesBuildPhase section */
		F85F95921E5CEE86007E1A9C /* Resources */ = {
			isa = PBXResourcesBuildPhase;
			buildActionMask = 2147483647;
			files = (
				F85F95A51E5CEE86007E1A9C /* LaunchScreen.storyboard in Resources */,
				F85F95A21E5CEE86007E1A9C /* Assets.xcassets in Resources */,
				F85F959D1E5CEE86007E1A9C /* Main.storyboard in Resources */,
			);
			runOnlyForDeploymentPostprocessing = 0;
		};
/* End PBXResourcesBuildPhase section */

/* Begin PBXShellScriptBuildPhase section */
		3AE0E2E50C0D1287204E5E07 /* [CP] Copy Pods Resources */ = {
			isa = PBXShellScriptBuildPhase;
			buildActionMask = 2147483647;
			files = (
			);
			inputPaths = (
			);
			name = "[CP] Copy Pods Resources";
			outputPaths = (
			);
			runOnlyForDeploymentPostprocessing = 0;
			shellPath = /bin/sh;
			shellScript = "\"${SRCROOT}/Pods/Target Support Files/Pods-ThumbList/Pods-ThumbList-resources.sh\"\n";
			showEnvVarsInLog = 0;
		};
		3B239E52652D2FF16F9DB450 /* [CP] Check Pods Manifest.lock */ = {
			isa = PBXShellScriptBuildPhase;
			buildActionMask = 2147483647;
			files = (
			);
			inputPaths = (
			);
			name = "[CP] Check Pods Manifest.lock";
			outputPaths = (
			);
			runOnlyForDeploymentPostprocessing = 0;
			shellPath = /bin/sh;
			shellScript = "diff \"${PODS_ROOT}/../Podfile.lock\" \"${PODS_ROOT}/Manifest.lock\" > /dev/null\nif [ $? != 0 ] ; then\n    # print error to STDERR\n    echo \"error: The sandbox is not in sync with the Podfile.lock. Run 'pod install' or update your CocoaPods installation.\" >&2\n    exit 1\nfi\n";
			showEnvVarsInLog = 0;
		};
		89B55692E914EB7107810CE1 /* [CP] Embed Pods Frameworks */ = {
			isa = PBXShellScriptBuildPhase;
			buildActionMask = 2147483647;
			files = (
			);
			inputPaths = (
			);
			name = "[CP] Embed Pods Frameworks";
			outputPaths = (
			);
			runOnlyForDeploymentPostprocessing = 0;
			shellPath = /bin/sh;
			shellScript = "\"${SRCROOT}/Pods/Target Support Files/Pods-ThumbList/Pods-ThumbList-frameworks.sh\"\n";
			showEnvVarsInLog = 0;
		};
/* End PBXShellScriptBuildPhase section */

/* Begin PBXSourcesBuildPhase section */
		F85F95901E5CEE86007E1A9C /* Sources */ = {
			isa = PBXSourcesBuildPhase;
			buildActionMask = 2147483647;
			files = (
				F85F95F61E5D139B007E1A9C /* ItemCell.swift in Sources */,
				F85F95ED1E5CF4D6007E1A9C /* Image+CoreDataProperties.swift in Sources */,
				F85F95EB1E5CF4D6007E1A9C /* Item+CoreDataProperties.swift in Sources */,
				F85F95F41E5D0C6C007E1A9C /* MaterialView.swift in Sources */,
				F873375E1E5E5F0500F61CC5 /* ViewController.swift in Sources */,
				F85F95EA1E5CF4D6007E1A9C /* Item+CoreDataClass.swift in Sources */,
				F85F95EC1E5CF4D6007E1A9C /* Image+CoreDataClass.swift in Sources */,
				F85F95FB1E5D64BC007E1A9C /* ItemDetailsVC.swift in Sources */,
				F85F959A1E5CEE86007E1A9C /* MainVC.swift in Sources */,
				F85F95981E5CEE86007E1A9C /* AppDelegate.swift in Sources */,
				F85F95A01E5CEE86007E1A9C /* DreamList.xcdatamodeld in Sources */,
			);
			runOnlyForDeploymentPostprocessing = 0;
		};
/* End PBXSourcesBuildPhase section */

/* Begin PBXVariantGroup section */
		F85F959B1E5CEE86007E1A9C /* Main.storyboard */ = {
			isa = PBXVariantGroup;
			children = (
				F85F959C1E5CEE86007E1A9C /* Base */,
			);
			name = Main.storyboard;
			sourceTree = "<group>";
		};
		F85F95A31E5CEE86007E1A9C /* LaunchScreen.storyboard */ = {
			isa = PBXVariantGroup;
			children = (
				F85F95A41E5CEE86007E1A9C /* Base */,
			);
			name = LaunchScreen.storyboard;
			sourceTree = "<group>";
		};
/* End PBXVariantGroup section */

/* Begin XCBuildConfiguration section */
		F85F95A71E5CEE86007E1A9C /* Debug */ = {
			isa = XCBuildConfiguration;
			buildSettings = {
				ALWAYS_SEARCH_USER_PATHS = NO;
				CLANG_ANALYZER_NONNULL = YES;
				CLANG_CXX_LANGUAGE_STANDARD = "gnu++0x";
				CLANG_CXX_LIBRARY = "libc++";
				CLANG_ENABLE_MODULES = YES;
				CLANG_ENABLE_OBJC_ARC = YES;
				CLANG_WARN_BOOL_CONVERSION = YES;
				CLANG_WARN_CONSTANT_CONVERSION = YES;
				CLANG_WARN_DIRECT_OBJC_ISA_USAGE = YES_ERROR;
				CLANG_WARN_DOCUMENTATION_COMMENTS = YES;
				CLANG_WARN_EMPTY_BODY = YES;
				CLANG_WARN_ENUM_CONVERSION = YES;
				CLANG_WARN_INFINITE_RECURSION = YES;
				CLANG_WARN_INT_CONVERSION = YES;
				CLANG_WARN_OBJC_ROOT_CLASS = YES_ERROR;
				CLANG_WARN_SUSPICIOUS_MOVE = YES;
				CLANG_WARN_UNREACHABLE_CODE = YES;
				CLANG_WARN__DUPLICATE_METHOD_MATCH = YES;
				"CODE_SIGN_IDENTITY[sdk=iphoneos*]" = "iPhone Developer";
				COPY_PHASE_STRIP = NO;
				DEBUG_INFORMATION_FORMAT = dwarf;
				ENABLE_STRICT_OBJC_MSGSEND = YES;
				ENABLE_TESTABILITY = YES;
				GCC_C_LANGUAGE_STANDARD = gnu99;
				GCC_DYNAMIC_NO_PIC = NO;
				GCC_NO_COMMON_BLOCKS = YES;
				GCC_OPTIMIZATION_LEVEL = 0;
				GCC_PREPROCESSOR_DEFINITIONS = (
					"DEBUG=1",
					"$(inherited)",
				);
				GCC_WARN_64_TO_32_BIT_CONVERSION = YES;
				GCC_WARN_ABOUT_RETURN_TYPE = YES_ERROR;
				GCC_WARN_UNDECLARED_SELECTOR = YES;
				GCC_WARN_UNINITIALIZED_AUTOS = YES_AGGRESSIVE;
				GCC_WARN_UNUSED_FUNCTION = YES;
				GCC_WARN_UNUSED_VARIABLE = YES;
				IPHONEOS_DEPLOYMENT_TARGET = 10.2;
				MTL_ENABLE_DEBUG_INFO = YES;
				ONLY_ACTIVE_ARCH = YES;
				SDKROOT = iphoneos;
				SWIFT_ACTIVE_COMPILATION_CONDITIONS = DEBUG;
				SWIFT_OPTIMIZATION_LEVEL = "-Onone";
				TARGETED_DEVICE_FAMILY = "1,2";
			};
			name = Debug;
		};
		F85F95A81E5CEE86007E1A9C /* Release */ = {
			isa = XCBuildConfiguration;
			buildSettings = {
				ALWAYS_SEARCH_USER_PATHS = NO;
				CLANG_ANALYZER_NONNULL = YES;
				CLANG_CXX_LANGUAGE_STANDARD = "gnu++0x";
				CLANG_CXX_LIBRARY = "libc++";
				CLANG_ENABLE_MODULES = YES;
				CLANG_ENABLE_OBJC_ARC = YES;
				CLANG_WARN_BOOL_CONVERSION = YES;
				CLANG_WARN_CONSTANT_CONVERSION = YES;
				CLANG_WARN_DIRECT_OBJC_ISA_USAGE = YES_ERROR;
				CLANG_WARN_DOCUMENTATION_COMMENTS = YES;
				CLANG_WARN_EMPTY_BODY = YES;
				CLANG_WARN_ENUM_CONVERSION = YES;
				CLANG_WARN_INFINITE_RECURSION = YES;
				CLANG_WARN_INT_CONVERSION = YES;
				CLANG_WARN_OBJC_ROOT_CLASS = YES_ERROR;
				CLANG_WARN_SUSPICIOUS_MOVE = YES;
				CLANG_WARN_UNREACHABLE_CODE = YES;
				CLANG_WARN__DUPLICATE_METHOD_MATCH = YES;
				"CODE_SIGN_IDENTITY[sdk=iphoneos*]" = "iPhone Developer";
				COPY_PHASE_STRIP = NO;
				DEBUG_INFORMATION_FORMAT = "dwarf-with-dsym";
				ENABLE_NS_ASSERTIONS = NO;
				ENABLE_STRICT_OBJC_MSGSEND = YES;
				GCC_C_LANGUAGE_STANDARD = gnu99;
				GCC_NO_COMMON_BLOCKS = YES;
				GCC_WARN_64_TO_32_BIT_CONVERSION = YES;
				GCC_WARN_ABOUT_RETURN_TYPE = YES_ERROR;
				GCC_WARN_UNDECLARED_SELECTOR = YES;
				GCC_WARN_UNINITIALIZED_AUTOS = YES_AGGRESSIVE;
				GCC_WARN_UNUSED_FUNCTION = YES;
				GCC_WARN_UNUSED_VARIABLE = YES;
				IPHONEOS_DEPLOYMENT_TARGET = 10.2;
				MTL_ENABLE_DEBUG_INFO = NO;
				SDKROOT = iphoneos;
				SWIFT_OPTIMIZATION_LEVEL = "-Owholemodule";
				TARGETED_DEVICE_FAMILY = "1,2";
				VALIDATE_PRODUCT = YES;
			};
			name = Release;
		};
		F85F95AA1E5CEE86007E1A9C /* Debug */ = {
			isa = XCBuildConfiguration;
			baseConfigurationReference = 2C24D2DAC46D29E168C00E10 /* Pods-ThumbList.debug.xcconfig */;
			buildSettings = {
				ASSETCATALOG_COMPILER_APPICON_NAME = AppIcon;
				DEVELOPMENT_TEAM = Y6SG367258;
				INFOPLIST_FILE = DreamList/Info.plist;
				LD_RUNPATH_SEARCH_PATHS = "$(inherited) @executable_path/Frameworks";
				PRODUCT_BUNDLE_IDENTIFIER = com.mdardan.ThumbList;
				PRODUCT_NAME = "$(TARGET_NAME)";
				SWIFT_VERSION = 3.0;
			};
			name = Debug;
		};
		F85F95AB1E5CEE86007E1A9C /* Release */ = {
			isa = XCBuildConfiguration;
			baseConfigurationReference = F796B5A32F943A496BC7EE73 /* Pods-ThumbList.release.xcconfig */;
			buildSettings = {
				ASSETCATALOG_COMPILER_APPICON_NAME = AppIcon;
				DEVELOPMENT_TEAM = Y6SG367258;
				INFOPLIST_FILE = DreamList/Info.plist;
				LD_RUNPATH_SEARCH_PATHS = "$(inherited) @executable_path/Frameworks";
				PRODUCT_BUNDLE_IDENTIFIER = com.mdardan.ThumbList;
				PRODUCT_NAME = "$(TARGET_NAME)";
				SWIFT_VERSION = 3.0;
			};
			name = Release;
		};
/* End XCBuildConfiguration section */

/* Begin XCConfigurationList section */
		F85F958F1E5CEE86007E1A9C /* Build configuration list for PBXProject "ThumbList" */ = {
			isa = XCConfigurationList;
			buildConfigurations = (
				F85F95A71E5CEE86007E1A9C /* Debug */,
				F85F95A81E5CEE86007E1A9C /* Release */,
			);
			defaultConfigurationIsVisible = 0;
			defaultConfigurationName = Release;
		};
		F85F95A91E5CEE86007E1A9C /* Build configuration list for PBXNativeTarget "ThumbList" */ = {
			isa = XCConfigurationList;
			buildConfigurations = (
				F85F95AA1E5CEE86007E1A9C /* Debug */,
				F85F95AB1E5CEE86007E1A9C /* Release */,
			);
			defaultConfigurationIsVisible = 0;
			defaultConfigurationName = Release;
		};
/* End XCConfigurationList section */

/* Begin XCVersionGroup section */
		F85F959E1E5CEE86007E1A9C /* DreamList.xcdatamodeld */ = {
			isa = XCVersionGroup;
			children = (
				F85F959F1E5CEE86007E1A9C /* DreamList.xcdatamodel */,
			);
			currentVersion = F85F959F1E5CEE86007E1A9C /* DreamList.xcdatamodel */;
			path = DreamList.xcdatamodeld;
			sourceTree = "<group>";
			versionGroupType = wrapper.xcdatamodel;
		};
/* End XCVersionGroup section */
	};
	rootObject = F85F958C1E5CEE86007E1A9C /* Project object */;
}
